
Microsoft Visual Studio Solution File, Format Version 12.00
# Visual Studio Version 16
VisualStudioVersion = 16.0.29613.14
MinimumVisualStudioVersion = 10.0.40219.1
Project("{FAE04EC0-301F-11D3-BF4B-00C04F79EFBC}") = "SearchWord", "SearchWord.csproj", "{22F22171-DB02-4F83-A18F-ED505E733B40}"
EndProject
Global
	GlobalSection(SolutionConfigurationPlatforms) = preSolution
		Debug|Any CPU = Debug|Any CPU
		Release|Any CPU = Release|Any CPU
	EndGlobalSection
	GlobalSection(ProjectConfigurationPlatforms) = postSolution
		{22F22171-DB02-4F83-A18F-ED505E733B40}.Debug|Any CPU.ActiveCfg = Debug|Any CPU
		{22F22171-DB02-4F83-A18F-ED505E733B40}.Debug|Any CPU.Build.0 = Debug|Any CPU
		{22F22171-DB02-4F83-A18F-ED505E733B40}.Release|Any CPU.ActiveCfg = Release|Any CPU
		{22F22171-DB02-4F83-A18F-ED505E733B40}.Release|Any CPU.Build.0 = Release|Any CPU
	EndGlobalSection
	GlobalSection(SolutionProperties) = preSolution
		HideSolutionNode = FALSE
	EndGlobalSection
	GlobalSection(ExtensibilityGlobals) = postSolution
		SolutionGuid = {CCBBEB26-02FA-4807-A613-CF8C1AE2AEE0}
	EndGlobalSection
EndGlobal
