
Microsoft Visual Studio Solution File, Format Version 12.00
# Visual Studio Version 16
VisualStudioVersion = 16.0.31019.35
MinimumVisualStudioVersion = 10.0.40219.1
Project("{FAE04EC0-301F-11D3-BF4B-00C04F79EFBC}") = "Change Resolution", "Change Resolution\Change Resolution.csproj", "{48B36B67-F09D-4E93-8518-4BC77D197DC9}"
EndProject
Global
	GlobalSection(SolutionConfigurationPlatforms) = preSolution
		Debug|Any CPU = Debug|Any CPU
		Release|Any CPU = Release|Any CPU
	EndGlobalSection
	GlobalSection(ProjectConfigurationPlatforms) = postSolution
		{48B36B67-F09D-4E93-8518-4BC77D197DC9}.Debug|Any CPU.ActiveCfg = Debug|Any CPU
		{48B36B67-F09D-4E93-8518-4BC77D197DC9}.Debug|Any CPU.Build.0 = Debug|Any CPU
		{48B36B67-F09D-4E93-8518-4BC77D197DC9}.Release|Any CPU.ActiveCfg = Release|Any CPU
		{48B36B67-F09D-4E93-8518-4BC77D197DC9}.Release|Any CPU.Build.0 = Release|Any CPU
	EndGlobalSection
	GlobalSection(SolutionProperties) = preSolution
		HideSolutionNode = FALSE
	EndGlobalSection
	GlobalSection(ExtensibilityGlobals) = postSolution
		SolutionGuid = {B115BC62-BAA1-469D-9132-D091D5946157}
	EndGlobalSection
EndGlobal
